{
  "name": "protoc-gen-twirp-es",
  "version": "0.1.0",
  "lockfileVersion": 2,
  "requires": true,
  "packages": {
    "": {
      "name": "protoc-gen-twirp-es",
      "version": "0.1.0",
      "license": "Apache-2.0",
      "dependencies": {
        "@bufbuild/protobuf": "^0.1.1",
        "@bufbuild/protoc-gen-es": "^0.1.1",
        "@bufbuild/protoplugin": "^0.1.1",
        "typescript": "^4.8.4"
      },
      "bin": {
        "protoc-gen-twirp-es": "bin/protoc-gen-twirp-es"
      },
      "engines": {
        "node": ">=14"
      }
    },
    "node_modules/@bufbuild/protobuf": {
      "version": "0.1.1",
      "resolved": "https://registry.npmjs.org/@bufbuild/protobuf/-/protobuf-0.1.1.tgz",
      "integrity": "sha512-HAs82bdlN5aUsoTaJNsPd8driezDenOtAh7dVpO5xKEmyB6ibmRIV08MTlIVudnMYbFc1qw7RxhFHoQy0rSvgg=="
    },
    "node_modules/@bufbuild/protoc-gen-es": {
      "version": "0.1.1",
      "resolved": "https://registry.npmjs.org/@bufbuild/protoc-gen-es/-/protoc-gen-es-0.1.1.tgz",
      "integrity": "sha512-FFY8GfbMgcgN/nt4DtB+IiLvLmfGjQ7dKYVb6ciKCMymXx5MsRxs4xnJXHtpEv2rDVpDYCOhPkjri8o4AYeSPQ==",
      "dependencies": {
        "@bufbuild/protoplugin": "0.1.1"
      },
      "bin": {
        "protoc-gen-es": "bin/protoc-gen-es"
      },
      "engines": {
        "node": ">=14"
      },
      "peerDependencies": {
        "@bufbuild/protobuf": "0.1.1"
      },
      "peerDependenciesMeta": {
        "@bufbuild/protobuf": {
          "optional": true
        }
      }
    },
    "node_modules/@bufbuild/protoplugin": {
      "version": "0.1.1",
      "resolved": "https://registry.npmjs.org/@bufbuild/protoplugin/-/protoplugin-0.1.1.tgz",
      "integrity": "sha512-+zCwqiq6xbeM6OG02+eNCd4Rinu1Mtn+HsjMF8U8h5FazOj1fEP9SnXEabOfImOR83vHfk2jocqzrB4IkSZV2Q==",
      "dependencies": {
        "@bufbuild/protobuf": "0.1.1"
      }
    },
    "node_modules/typescript": {
      "version": "4.8.4",
      "resolved": "https://registry.npmjs.org/typescript/-/typescript-4.8.4.tgz",
      "integrity": "sha512-QCh+85mCy+h0IGff8r5XWzOVSbBO+KfeYrMQh7NJ58QujwcE22u+NUSmUxqF+un70P9GXKxa2HCNiTTMJknyjQ==",
      "bin": {
        "tsc": "bin/tsc",
        "tsserver": "bin/tsserver"
      },
      "engines": {
        "node": ">=4.2.0"
      }
    }
  },
  "dependencies": {
    "@bufbuild/protobuf": {
      "version": "0.1.1",
      "resolved": "https://registry.npmjs.org/@bufbuild/protobuf/-/protobuf-0.1.1.tgz",
      "integrity": "sha512-HAs82bdlN5aUsoTaJNsPd8driezDenOtAh7dVpO5xKEmyB6ibmRIV08MTlIVudnMYbFc1qw7RxhFHoQy0rSvgg=="
    },
    "@bufbuild/protoc-gen-es": {
      "version": "0.1.1",
      "resolved": "https://registry.npmjs.org/@bufbuild/protoc-gen-es/-/protoc-gen-es-0.1.1.tgz",
      "integrity": "sha512-FFY8GfbMgcgN/nt4DtB+IiLvLmfGjQ7dKYVb6ciKCMymXx5MsRxs4xnJXHtpEv2rDVpDYCOhPkjri8o4AYeSPQ==",
      "requires": {
        "@bufbuild/protoplugin": "0.1.1"
      }
    },
    "@bufbuild/protoplugin": {
      "version": "0.1.1",
      "resolved": "https://registry.npmjs.org/@bufbuild/protoplugin/-/protoplugin-0.1.1.tgz",
      "integrity": "sha512-+zCwqiq6xbeM6OG02+eNCd4Rinu1Mtn+HsjMF8U8h5FazOj1fEP9SnXEabOfImOR83vHfk2jocqzrB4IkSZV2Q==",
      "requires": {
        "@bufbuild/protobuf": "0.1.1"
      }
    },
    "typescript": {
      "version": "4.8.4",
      "resolved": "https://registry.npmjs.org/typescript/-/typescript-4.8.4.tgz",
      "integrity": "sha512-QCh+85mCy+h0IGff8r5XWzOVSbBO+KfeYrMQh7NJ58QujwcE22u+NUSmUxqF+un70P9GXKxa2HCNiTTMJknyjQ=="
    }
  }
}
